
Microsoft Visual Studio Solution File, Format Version 12.00
# Visual Studio Version 16
VisualStudioVersion = 16.0.30011.22
MinimumVisualStudioVersion = 10.0.40219.1
Project("{FAE04EC0-301F-11D3-BF4B-00C04F79EFBC}") = "AlanTuring", "AlanTuring\AlanTuring.csproj", "{1951F97A-6DEA-4AE2-96A7-7BAC36137BC0}"
EndProject
Global
	GlobalSection(SolutionConfigurationPlatforms) = preSolution
		Debug|Any CPU = Debug|Any CPU
		Release|Any CPU = Release|Any CPU
	EndGlobalSection
	GlobalSection(ProjectConfigurationPlatforms) = postSolution
		{1951F97A-6DEA-4AE2-96A7-7BAC36137BC0}.Debug|Any CPU.ActiveCfg = Debug|Any CPU
		{1951F97A-6DEA-4AE2-96A7-7BAC36137BC0}.Debug|Any CPU.Build.0 = Debug|Any CPU
		{1951F97A-6DEA-4AE2-96A7-7BAC36137BC0}.Release|Any CPU.ActiveCfg = Release|Any CPU
		{1951F97A-6DEA-4AE2-96A7-7BAC36137BC0}.Release|Any CPU.Build.0 = Release|Any CPU
	EndGlobalSection
	GlobalSection(SolutionProperties) = preSolution
		HideSolutionNode = FALSE
	EndGlobalSection
	GlobalSection(ExtensibilityGlobals) = postSolution
		SolutionGuid = {A2DFDCC8-F201-40BE-9DEF-AEF899AB1DC8}
	EndGlobalSection
EndGlobal
